
Microsoft Visual Studio Solution File, Format Version 12.00
# Visual Studio Version 16
VisualStudioVersion = 16.0.30907.101
MinimumVisualStudioVersion = 10.0.40219.1
Project("{9A19103F-16F7-4668-BE54-9A1E7A4F7556}") = "Business", "Business\Business.csproj", "{F1F5B40E-733E-4E36-B424-FE3E4B823142}"
EndProject
Project("{9A19103F-16F7-4668-BE54-9A1E7A4F7556}") = "Core", "Core\Core.csproj", "{4C74C6C7-5297-4EE1-BF30-0613D099B4E0}"
EndProject
Project("{9A19103F-16F7-4668-BE54-9A1E7A4F7556}") = "DataAccess", "DataAccess\DataAccess.csproj", "{F41356B4-8A59-400E-83F7-C82591A911EE}"
EndProject
Project("{9A19103F-16F7-4668-BE54-9A1E7A4F7556}") = "Entities", "Entities\Entities.csproj", "{BC371D5C-1B09-481C-9913-917064A07964}"
EndProject
Project("{9A19103F-16F7-4668-BE54-9A1E7A4F7556}") = "WebAPI", "WebAPI\WebAPI.csproj", "{2D8C2DCD-05AF-4DFA-9B22-BFE8DF68B972}"
EndProject
Global
	GlobalSection(SolutionConfigurationPlatforms) = preSolution
		Debug|Any CPU = Debug|Any CPU
		Release|Any CPU = Release|Any CPU
	EndGlobalSection
	GlobalSection(ProjectConfigurationPlatforms) = postSolution
		{F1F5B40E-733E-4E36-B424-FE3E4B823142}.Debug|Any CPU.ActiveCfg = Debug|Any CPU
		{F1F5B40E-733E-4E36-B424-FE3E4B823142}.Debug|Any CPU.Build.0 = Debug|Any CPU
		{F1F5B40E-733E-4E36-B424-FE3E4B823142}.Release|Any CPU.ActiveCfg = Release|Any CPU
		{F1F5B40E-733E-4E36-B424-FE3E4B823142}.Release|Any CPU.Build.0 = Release|Any CPU
		{4C74C6C7-5297-4EE1-BF30-0613D099B4E0}.Debug|Any CPU.ActiveCfg = Debug|Any CPU
		{4C74C6C7-5297-4EE1-BF30-0613D099B4E0}.Debug|Any CPU.Build.0 = Debug|Any CPU
		{4C74C6C7-5297-4EE1-BF30-0613D099B4E0}.Release|Any CPU.ActiveCfg = Release|Any CPU
		{4C74C6C7-5297-4EE1-BF30-0613D099B4E0}.Release|Any CPU.Build.0 = Release|Any CPU
		{F41356B4-8A59-400E-83F7-C82591A911EE}.Debug|Any CPU.ActiveCfg = Debug|Any CPU
		{F41356B4-8A59-400E-83F7-C82591A911EE}.Debug|Any CPU.Build.0 = Debug|Any CPU
		{F41356B4-8A59-400E-83F7-C82591A911EE}.Release|Any CPU.ActiveCfg = Release|Any CPU
		{F41356B4-8A59-400E-83F7-C82591A911EE}.Release|Any CPU.Build.0 = Release|Any CPU
		{BC371D5C-1B09-481C-9913-917064A07964}.Debug|Any CPU.ActiveCfg = Debug|Any CPU
		{BC371D5C-1B09-481C-9913-917064A07964}.Debug|Any CPU.Build.0 = Debug|Any CPU
		{BC371D5C-1B09-481C-9913-917064A07964}.Release|Any CPU.ActiveCfg = Release|Any CPU
		{BC371D5C-1B09-481C-9913-917064A07964}.Release|Any CPU.Build.0 = Release|Any CPU
		{2D8C2DCD-05AF-4DFA-9B22-BFE8DF68B972}.Debug|Any CPU.ActiveCfg = Debug|Any CPU
		{2D8C2DCD-05AF-4DFA-9B22-BFE8DF68B972}.Debug|Any CPU.Build.0 = Debug|Any CPU
		{2D8C2DCD-05AF-4DFA-9B22-BFE8DF68B972}.Release|Any CPU.ActiveCfg = Release|Any CPU
		{2D8C2DCD-05AF-4DFA-9B22-BFE8DF68B972}.Release|Any CPU.Build.0 = Release|Any CPU
	EndGlobalSection
	GlobalSection(SolutionProperties) = preSolution
		HideSolutionNode = FALSE
	EndGlobalSection
	GlobalSection(ExtensibilityGlobals) = postSolution
		SolutionGuid = {0F1AE20C-359E-4F7A-9B0C-D7FE20259906}
	EndGlobalSection
EndGlobal
